
Microsoft Visual Studio Solution File, Format Version 12.00
# Visual Studio Version 17
VisualStudioVersion = 17.1.31903.286
MinimumVisualStudioVersion = 10.0.40219.1
Project("{8BC9CEB8-8B4A-11D0-8D11-00A0C91BC942}") = "study_21_12_1（汉诺塔）", "study_21_12_1（汉诺塔）\study_21_12_1（汉诺塔）.vcxproj", "{BEECA22B-2F54-4479-9F6C-68D53337339F}"
EndProject
Global
	GlobalSection(SolutionConfigurationPlatforms) = preSolution
		Debug|x64 = Debug|x64
		Debug|x86 = Debug|x86
		Release|x64 = Release|x64
		Release|x86 = Release|x86
	EndGlobalSection
	GlobalSection(ProjectConfigurationPlatforms) = postSolution
		{BEECA22B-2F54-4479-9F6C-68D53337339F}.Debug|x64.ActiveCfg = Debug|x64
		{BEECA22B-2F54-4479-9F6C-68D53337339F}.Debug|x64.Build.0 = Debug|x64
		{BEECA22B-2F54-4479-9F6C-68D53337339F}.Debug|x86.ActiveCfg = Debug|Win32
		{BEECA22B-2F54-4479-9F6C-68D53337339F}.Debug|x86.Build.0 = Debug|Win32
		{BEECA22B-2F54-4479-9F6C-68D53337339F}.Release|x64.ActiveCfg = Release|x64
		{BEECA22B-2F54-4479-9F6C-68D53337339F}.Release|x64.Build.0 = Release|x64
		{BEECA22B-2F54-4479-9F6C-68D53337339F}.Release|x86.ActiveCfg = Release|Win32
		{BEECA22B-2F54-4479-9F6C-68D53337339F}.Release|x86.Build.0 = Release|Win32
	EndGlobalSection
	GlobalSection(SolutionProperties) = preSolution
		HideSolutionNode = FALSE
	EndGlobalSection
	GlobalSection(ExtensibilityGlobals) = postSolution
		SolutionGuid = {EE99A86C-4F31-430A-9E0F-24D0EF2BB04C}
	EndGlobalSection
EndGlobal
